
Microsoft Visual Studio Solution File, Format Version 12.00
# Visual Studio Version 16
VisualStudioVersion = 16.0.31105.61
MinimumVisualStudioVersion = 10.0.40219.1
Project("{FAE04EC0-301F-11D3-BF4B-00C04F79EFBC}") = "ValheimAthletics", "ValheimAthletics.csproj", "{AB38350B-20F4-49E4-9969-0644C729CB6A}"
EndProject
Global
	GlobalSection(SolutionConfigurationPlatforms) = preSolution
		Debug|Any CPU = Debug|Any CPU
		Release|Any CPU = Release|Any CPU
	EndGlobalSection
	GlobalSection(ProjectConfigurationPlatforms) = postSolution
		{AB38350B-20F4-49E4-9969-0644C729CB6A}.Debug|Any CPU.ActiveCfg = Debug|Any CPU
		{AB38350B-20F4-49E4-9969-0644C729CB6A}.Debug|Any CPU.Build.0 = Debug|Any CPU
		{AB38350B-20F4-49E4-9969-0644C729CB6A}.Release|Any CPU.ActiveCfg = Release|Any CPU
		{AB38350B-20F4-49E4-9969-0644C729CB6A}.Release|Any CPU.Build.0 = Release|Any CPU
	EndGlobalSection
	GlobalSection(SolutionProperties) = preSolution
		HideSolutionNode = FALSE
	EndGlobalSection
	GlobalSection(ExtensibilityGlobals) = postSolution
		SolutionGuid = {D14B8EAE-2DA2-4FEE-B834-2A5E607C7712}
	EndGlobalSection
EndGlobal
